PODS:
  - AFNetworking (2.4.1):
    - AFNetworking/NSURLConnection
    - AFNetworking/NSURLSession
    - AFNetworking/Reachability
    - AFNetworking/Security
    - AFNetworking/Serialization
    - AFNetworking/UIKit
  - AFNetworking/NSURLConnection (2.4.1):
    - AFNetworking/Reachability
    - AFNetworking/Security
    - AFNetworking/Serialization
  - AFNetworking/NSURLSession (2.4.1):
    - AFNetworking/Reachability
    - AFNetworking/Security
    - AFNetworking/Serialization
  - AFNetworking/Reachability (2.4.1)
  - AFNetworking/Security (2.4.1)
  - AFNetworking/Serialization (2.4.1)
  - AFNetworking/UIKit (2.4.1):
    - AFNetworking/NSURLConnection
    - AFNetworking/NSURLSession
  - Expecta (1.0.5)
  - OCMock (3.2.1)
  - OHHTTPStubs (4.7.0):
    - OHHTTPStubs/Default
  - OHHTTPStubs/Core (4.7.0)
  - OHHTTPStubs/Default (4.7.0):
    - OHHTTPStubs/Core
    - OHHTTPStubs/JSON
    - OHHTTPStubs/NSURLSession
    - OHHTTPStubs/OHPathHelpers
  - OHHTTPStubs/JSON (4.7.0):
    - OHHTTPStubs/Core
  - OHHTTPStubs/NSURLSession (4.7.0):
    - OHHTTPStubs/Core
  - OHHTTPStubs/OHPathHelpers (4.7.0)
  - SDWebImage (3.7.4):
    - SDWebImage/Core
  - SDWebImage/Core (3.7.4)
  - Specta (1.0.5)

DEPENDENCIES:
  - AFNetworking (~> 2.4.1)
  - Expecta
  - OCMock
  - OHHTTPStubs
  - SDWebImage
  - Specta

SPEC CHECKSUMS:
  AFNetworking: 41d45d2c14219af0fa5addf3cfd433a002c13c9f
  Expecta: e1c022fcd33910b6be89c291d2775b3fe27a89fe
  OCMock: f9622770761b680e505f893885780d369ae30016
  OHHTTPStubs: d2bf6a0f407620d67e75a1d3f12d86a2b1dd15c0
  SDWebImage: 247edd7dd80dd6124197b0d6a17846fe9d1df968
  Specta: ac94d110b865115fe60ff2c6d7281053c6f8e8a2

COCOAPODS: 0.34.4
